
Microsoft Visual Studio Solution File, Format Version 12.00
# Visual Studio 15
VisualStudioVersion = 15.0.27130.2026
MinimumVisualStudioVersion = 10.0.40219.1
Project("{FAE04EC0-301F-11D3-BF4B-00C04F79EFBC}") = "Shutdown.Timer", "ShutdownTimer2\Shutdown.Timer.csproj", "{5EBE0A8E-26BF-45FE-898B-EA02E3E68F03}"
EndProject
Project("{FAE04EC0-301F-11D3-BF4B-00C04F79EFBC}") = "Shutdown.Logic", "ShutdownLogic\Shutdown.Logic.csproj", "{E5DF21FF-2329-43F8-A05A-33F3BFB31211}"
EndProject
Project("{FAE04EC0-301F-11D3-BF4B-00C04F79EFBC}") = "Shutdown.NotificationTray", "Shutdown.NotificationTray\Shutdown.NotificationTray.csproj", "{2067904B-E6F1-4456-8A1F-8FF6107FD1F5}"
EndProject
Global
	GlobalSection(SolutionConfigurationPlatforms) = preSolution
		Debug|Any CPU = Debug|Any CPU
		Release|Any CPU = Release|Any CPU
	EndGlobalSection
	GlobalSection(ProjectConfigurationPlatforms) = postSolution
		{5EBE0A8E-26BF-45FE-898B-EA02E3E68F03}.Debug|Any CPU.ActiveCfg = Debug|Any CPU
		{5EBE0A8E-26BF-45FE-898B-EA02E3E68F03}.Debug|Any CPU.Build.0 = Debug|Any CPU
		{5EBE0A8E-26BF-45FE-898B-EA02E3E68F03}.Release|Any CPU.ActiveCfg = Release|Any CPU
		{5EBE0A8E-26BF-45FE-898B-EA02E3E68F03}.Release|Any CPU.Build.0 = Release|Any CPU
		{E5DF21FF-2329-43F8-A05A-33F3BFB31211}.Debug|Any CPU.ActiveCfg = Debug|Any CPU
		{E5DF21FF-2329-43F8-A05A-33F3BFB31211}.Debug|Any CPU.Build.0 = Debug|Any CPU
		{E5DF21FF-2329-43F8-A05A-33F3BFB31211}.Release|Any CPU.ActiveCfg = Release|Any CPU
		{E5DF21FF-2329-43F8-A05A-33F3BFB31211}.Release|Any CPU.Build.0 = Release|Any CPU
		{2067904B-E6F1-4456-8A1F-8FF6107FD1F5}.Debug|Any CPU.ActiveCfg = Debug|Any CPU
		{2067904B-E6F1-4456-8A1F-8FF6107FD1F5}.Debug|Any CPU.Build.0 = Debug|Any CPU
		{2067904B-E6F1-4456-8A1F-8FF6107FD1F5}.Release|Any CPU.ActiveCfg = Release|Any CPU
		{2067904B-E6F1-4456-8A1F-8FF6107FD1F5}.Release|Any CPU.Build.0 = Release|Any CPU
	EndGlobalSection
	GlobalSection(SolutionProperties) = preSolution
		HideSolutionNode = FALSE
	EndGlobalSection
	GlobalSection(ExtensibilityGlobals) = postSolution
		SolutionGuid = {763CFCED-627C-4400-96FF-19A4B05D6F0A}
	EndGlobalSection
EndGlobal
